
Microsoft Visual Studio Solution File, Format Version 12.00
# Visual Studio Version 17
VisualStudioVersion = 17.13.35806.99
MinimumVisualStudioVersion = 10.0.40219.1
Project("{FAE04EC0-301F-11D3-BF4B-00C04F79EFBC}") = "Eruru.CSharp.Api", "..\Eruru.CSharp.Api\Eruru.CSharp.Api\Eruru.CSharp.Api.csproj", "{DBE4B17C-1946-A8FB-3E0F-056904D01E75}"
EndProject
Project("{FAE04EC0-301F-11D3-BF4B-00C04F79EFBC}") = "HttpCompressionFileExtractor.Cli", "HttpCompressionFileExtractor.Cli\HttpCompressionFileExtractor.Cli.csproj", "{DE395E79-5ABC-4D70-ABB6-F5CC4BD5DE61}"
EndProject
Project("{FAE04EC0-301F-11D3-BF4B-00C04F79EFBC}") = "HttpCompressionFileExtractor.Core", "HttpCompressionFileExtractor.Core\HttpCompressionFileExtractor.Core.csproj", "{4530044C-130B-4134-B5E8-7FBFB83942F8}"
EndProject
Project("{FAE04EC0-301F-11D3-BF4B-00C04F79EFBC}") = "Eruru.CSharp.ReaderWriterLock", "..\Eruru.CSharp.ReaderWriterLock\Eruru.CSharp.ReaderWriterLock\Eruru.CSharp.ReaderWriterLock.csproj", "{700230EE-5EE5-FC34-C3A5-F428868421CE}"
EndProject
Global
	GlobalSection(SolutionConfigurationPlatforms) = preSolution
		Debug|Any CPU = Debug|Any CPU
		Release|Any CPU = Release|Any CPU
	EndGlobalSection
	GlobalSection(ProjectConfigurationPlatforms) = postSolution
		{DBE4B17C-1946-A8FB-3E0F-056904D01E75}.Debug|Any CPU.ActiveCfg = Debug|Any CPU
		{DBE4B17C-1946-A8FB-3E0F-056904D01E75}.Debug|Any CPU.Build.0 = Debug|Any CPU
		{DBE4B17C-1946-A8FB-3E0F-056904D01E75}.Release|Any CPU.ActiveCfg = Release|Any CPU
		{DBE4B17C-1946-A8FB-3E0F-056904D01E75}.Release|Any CPU.Build.0 = Release|Any CPU
		{DE395E79-5ABC-4D70-ABB6-F5CC4BD5DE61}.Debug|Any CPU.ActiveCfg = Debug|Any CPU
		{DE395E79-5ABC-4D70-ABB6-F5CC4BD5DE61}.Debug|Any CPU.Build.0 = Debug|Any CPU
		{DE395E79-5ABC-4D70-ABB6-F5CC4BD5DE61}.Release|Any CPU.ActiveCfg = Release|Any CPU
		{DE395E79-5ABC-4D70-ABB6-F5CC4BD5DE61}.Release|Any CPU.Build.0 = Release|Any CPU
		{4530044C-130B-4134-B5E8-7FBFB83942F8}.Debug|Any CPU.ActiveCfg = Debug|Any CPU
		{4530044C-130B-4134-B5E8-7FBFB83942F8}.Debug|Any CPU.Build.0 = Debug|Any CPU
		{4530044C-130B-4134-B5E8-7FBFB83942F8}.Release|Any CPU.ActiveCfg = Release|Any CPU
		{4530044C-130B-4134-B5E8-7FBFB83942F8}.Release|Any CPU.Build.0 = Release|Any CPU
		{700230EE-5EE5-FC34-C3A5-F428868421CE}.Debug|Any CPU.ActiveCfg = Debug|Any CPU
		{700230EE-5EE5-FC34-C3A5-F428868421CE}.Debug|Any CPU.Build.0 = Debug|Any CPU
		{700230EE-5EE5-FC34-C3A5-F428868421CE}.Release|Any CPU.ActiveCfg = Release|Any CPU
		{700230EE-5EE5-FC34-C3A5-F428868421CE}.Release|Any CPU.Build.0 = Release|Any CPU
	EndGlobalSection
	GlobalSection(SolutionProperties) = preSolution
		HideSolutionNode = FALSE
	EndGlobalSection
	GlobalSection(ExtensibilityGlobals) = postSolution
		SolutionGuid = {F5B4D820-A01A-4526-BD2F-5CA263E43EA0}
	EndGlobalSection
EndGlobal
